
Microsoft Visual Studio Solution File, Format Version 12.00
# Visual Studio 14
VisualStudioVersion = 14.0.23107.0
MinimumVisualStudioVersion = 10.0.40219.1
Project("{FAE04EC0-301F-11D3-BF4B-00C04F79EFBC}") = "TextMatcher.Wpf", "TextMatcher.Wpf\TextMatcher.Wpf.csproj", "{BC5E0714-D9FB-4764-BFA1-09F7F731224C}"
EndProject
Project("{FAE04EC0-301F-11D3-BF4B-00C04F79EFBC}") = "TextMatcher.Core", "TextMatcher.Core\TextMatcher.Core.csproj", "{B5693629-1EF8-4FB9-BE5F-311A4D6ECBF1}"
EndProject
Project("{FAE04EC0-301F-11D3-BF4B-00C04F79EFBC}") = "TextMatcher.Core.Tests", "TextMatcher.Core.Tests\TextMatcher.Core.Tests.csproj", "{9FA7D464-2DA1-41C4-8CDD-EDAF7E0514C9}"
EndProject
Project("{FAE04EC0-301F-11D3-BF4B-00C04F79EFBC}") = "TextMatcher.Wpf.Tests", "TextMatcher.Wpf.Tests\TextMatcher.Wpf.Tests.csproj", "{B26924CA-68B4-4547-A31E-24C2B959B7DC}"
EndProject
Global
	GlobalSection(SolutionConfigurationPlatforms) = preSolution
		Debug|Any CPU = Debug|Any CPU
		Release|Any CPU = Release|Any CPU
	EndGlobalSection
	GlobalSection(ProjectConfigurationPlatforms) = postSolution
		{BC5E0714-D9FB-4764-BFA1-09F7F731224C}.Debug|Any CPU.ActiveCfg = Debug|Any CPU
		{BC5E0714-D9FB-4764-BFA1-09F7F731224C}.Debug|Any CPU.Build.0 = Debug|Any CPU
		{BC5E0714-D9FB-4764-BFA1-09F7F731224C}.Release|Any CPU.ActiveCfg = Release|Any CPU
		{BC5E0714-D9FB-4764-BFA1-09F7F731224C}.Release|Any CPU.Build.0 = Release|Any CPU
		{B5693629-1EF8-4FB9-BE5F-311A4D6ECBF1}.Debug|Any CPU.ActiveCfg = Debug|Any CPU
		{B5693629-1EF8-4FB9-BE5F-311A4D6ECBF1}.Debug|Any CPU.Build.0 = Debug|Any CPU
		{B5693629-1EF8-4FB9-BE5F-311A4D6ECBF1}.Release|Any CPU.ActiveCfg = Release|Any CPU
		{B5693629-1EF8-4FB9-BE5F-311A4D6ECBF1}.Release|Any CPU.Build.0 = Release|Any CPU
		{9FA7D464-2DA1-41C4-8CDD-EDAF7E0514C9}.Debug|Any CPU.ActiveCfg = Debug|Any CPU
		{9FA7D464-2DA1-41C4-8CDD-EDAF7E0514C9}.Debug|Any CPU.Build.0 = Debug|Any CPU
		{9FA7D464-2DA1-41C4-8CDD-EDAF7E0514C9}.Release|Any CPU.ActiveCfg = Release|Any CPU
		{9FA7D464-2DA1-41C4-8CDD-EDAF7E0514C9}.Release|Any CPU.Build.0 = Release|Any CPU
		{B26924CA-68B4-4547-A31E-24C2B959B7DC}.Debug|Any CPU.ActiveCfg = Debug|Any CPU
		{B26924CA-68B4-4547-A31E-24C2B959B7DC}.Debug|Any CPU.Build.0 = Debug|Any CPU
		{B26924CA-68B4-4547-A31E-24C2B959B7DC}.Release|Any CPU.ActiveCfg = Release|Any CPU
		{B26924CA-68B4-4547-A31E-24C2B959B7DC}.Release|Any CPU.Build.0 = Release|Any CPU
	EndGlobalSection
	GlobalSection(SolutionProperties) = preSolution
		HideSolutionNode = FALSE
	EndGlobalSection
EndGlobal
